// !$*UTF8*$!
{
	archiveVersion = 1;
	classes = {
	};
	objectVersion = 55;
	objects = {

/* Begin PBXBuildFile section */
		32ACED5C297C8D5200622948 /* SnifferApp.swift in Sources */ = {isa = PBXBuildFile; fileRef = 32ACED5B297C8D5200622948 /* SnifferApp.swift */; };
		32ACED5E297C8D5200622948 /* ContentView.swift in Sources */ = {isa = PBXBuildFile; fileRef = 32ACED5D297C8D5200622948 /* ContentView.swift */; };
		32ACED60297C8D5600622948 /* Assets.xcassets in Resources */ = {isa = PBXBuildFile; fileRef = 32ACED5F297C8D5600622948 /* Assets.xcassets */; };
		32ACED63297C8D5600622948 /* Preview Assets.xcassets in Resources */ = {isa = PBXBuildFile; fileRef = 32ACED62297C8D5600622948 /* Preview Assets.xcassets */; };
		32ACED6C297CE9B600622948 /* GoogleService-Info.plist in Resources */ = {isa = PBXBuildFile; fileRef = 32ACED6B297CE9B600622948 /* GoogleService-Info.plist */; };
		32ACED6F297CECAC00622948 /* FirebaseAnalytics in Frameworks */ = {isa = PBXBuildFile; productRef = 32ACED6E297CECAC00622948 /* FirebaseAnalytics */; };
		32ACED71297CECAC00622948 /* FirebaseAnalyticsOnDeviceConversion in Frameworks */ = {isa = PBXBuildFile; productRef = 32ACED70297CECAC00622948 /* FirebaseAnalyticsOnDeviceConversion */; };
		32ACED73297CECAC00622948 /* FirebaseAnalyticsSwift in Frameworks */ = {isa = PBXBuildFile; productRef = 32ACED72297CECAC00622948 /* FirebaseAnalyticsSwift */; };
		32ACED75297CECAC00622948 /* FirebaseAnalyticsWithoutAdIdSupport in Frameworks */ = {isa = PBXBuildFile; productRef = 32ACED74297CECAC00622948 /* FirebaseAnalyticsWithoutAdIdSupport */; };
		32ACED77297CECAC00622948 /* FirebaseAppCheck in Frameworks */ = {isa = PBXBuildFile; productRef = 32ACED76297CECAC00622948 /* FirebaseAppCheck */; };
		32ACED79297CECAC00622948 /* FirebaseAppDistribution-Beta in Frameworks */ = {isa = PBXBuildFile; productRef = 32ACED78297CECAC00622948 /* FirebaseAppDistribution-Beta */; };
		32ACED7B297CECAC00622948 /* FirebaseAuth in Frameworks */ = {isa = PBXBuildFile; productRef = 32ACED7A297CECAC00622948 /* FirebaseAuth */; };
		32ACED7D297CECAC00622948 /* FirebaseAuthCombine-Community in Frameworks */ = {isa = PBXBuildFile; productRef = 32ACED7C297CECAC00622948 /* FirebaseAuthCombine-Community */; };
		32ACED7F297CECAC00622948 /* FirebaseCrashlytics in Frameworks */ = {isa = PBXBuildFile; productRef = 32ACED7E297CECAC00622948 /* FirebaseCrashlytics */; };
		32ACED81297CECAC00622948 /* FirebaseDatabase in Frameworks */ = {isa = PBXBuildFile; productRef = 32ACED80297CECAC00622948 /* FirebaseDatabase */; };
		32ACED83297CECAC00622948 /* FirebaseDatabaseSwift in Frameworks */ = {isa = PBXBuildFile; productRef = 32ACED82297CECAC00622948 /* FirebaseDatabaseSwift */; };
		32ACED85297CECAC00622948 /* FirebaseDynamicLinks in Frameworks */ = {isa = PBXBuildFile; productRef = 32ACED84297CECAC00622948 /* FirebaseDynamicLinks */; };
		32ACED87297CECAC00622948 /* FirebaseFirestore in Frameworks */ = {isa = PBXBuildFile; productRef = 32ACED86297CECAC00622948 /* FirebaseFirestore */; };
		32ACED89297CECAC00622948 /* FirebaseFirestoreCombine-Community in Frameworks */ = {isa = PBXBuildFile; productRef = 32ACED88297CECAC00622948 /* FirebaseFirestoreCombine-Community */; };
		32ACED8B297CECAC00622948 /* FirebaseFirestoreSwift in Frameworks */ = {isa = PBXBuildFile; productRef = 32ACED8A297CECAC00622948 /* FirebaseFirestoreSwift */; };
		32ACED8D297CECAC00622948 /* FirebaseFunctions in Frameworks */ = {isa = PBXBuildFile; productRef = 32ACED8C297CECAC00622948 /* FirebaseFunctions */; };
		32ACED8F297CECAC00622948 /* FirebaseFunctionsCombine-Community in Frameworks */ = {isa = PBXBuildFile; productRef = 32ACED8E297CECAC00622948 /* FirebaseFunctionsCombine-Community */; };
		32ACED91297CECAC00622948 /* FirebaseInAppMessaging-Beta in Frameworks */ = {isa = PBXBuildFile; productRef = 32ACED90297CECAC00622948 /* FirebaseInAppMessaging-Beta */; };
		32ACED93297CECAC00622948 /* FirebaseInAppMessagingSwift-Beta in Frameworks */ = {isa = PBXBuildFile; productRef = 32ACED92297CECAC00622948 /* FirebaseInAppMessagingSwift-Beta */; };
		32ACED95297CECAC00622948 /* FirebaseInstallations in Frameworks */ = {isa = PBXBuildFile; productRef = 32ACED94297CECAC00622948 /* FirebaseInstallations */; };
		32ACED97297CECAC00622948 /* FirebaseMLModelDownloader in Frameworks */ = {isa = PBXBuildFile; productRef = 32ACED96297CECAC00622948 /* FirebaseMLModelDownloader */; };
		32ACED99297CECAC00622948 /* FirebaseMessaging in Frameworks */ = {isa = PBXBuildFile; productRef = 32ACED98297CECAC00622948 /* FirebaseMessaging */; };
		32ACED9B297CECAC00622948 /* FirebasePerformance in Frameworks */ = {isa = PBXBuildFile; productRef = 32ACED9A297CECAC00622948 /* FirebasePerformance */; };
		32ACED9D297CECAD00622948 /* FirebaseRemoteConfig in Frameworks */ = {isa = PBXBuildFile; productRef = 32ACED9C297CECAD00622948 /* FirebaseRemoteConfig */; };
		32ACED9F297CECAD00622948 /* FirebaseRemoteConfigSwift in Frameworks */ = {isa = PBXBuildFile; productRef = 32ACED9E297CECAD00622948 /* FirebaseRemoteConfigSwift */; };
		32ACEDA1297CECAD00622948 /* FirebaseStorage in Frameworks */ = {isa = PBXBuildFile; productRef = 32ACEDA0297CECAD00622948 /* FirebaseStorage */; };
		32ACEDA3297CECAD00622948 /* FirebaseStorageCombine-Community in Frameworks */ = {isa = PBXBuildFile; productRef = 32ACEDA2297CECAD00622948 /* FirebaseStorageCombine-Community */; };
		32ACEDA5297CFFF000622948 /* TopView.swift in Sources */ = {isa = PBXBuildFile; fileRef = 32ACEDA4297CFFF000622948 /* TopView.swift */; };
		32ACEDA7297D019100622948 /* MainView.swift in Sources */ = {isa = PBXBuildFile; fileRef = 32ACEDA6297D019100622948 /* MainView.swift */; };
		32ACEDA9297D072100622948 /* data.swift in Sources */ = {isa = PBXBuildFile; fileRef = 32ACEDA8297D072100622948 /* data.swift */; };
		32ACEDAB297D07BC00622948 /* FirebaseObserver.swift in Sources */ = {isa = PBXBuildFile; fileRef = 32ACEDAA297D07BC00622948 /* FirebaseObserver.swift */; };
		32ACEDAE297D12CA00622948 /* SDWebImageSwiftUI in Frameworks */ = {isa = PBXBuildFile; productRef = 32ACEDAD297D12CA00622948 /* SDWebImageSwiftUI */; };
		32ACEDB0297D344200622948 /* Loader.swift in Sources */ = {isa = PBXBuildFile; fileRef = 32ACEDAF297D344200622948 /* Loader.swift */; };
		32ACEDB2297D347E00622948 /* SwipeDetailsView.swift in Sources */ = {isa = PBXBuildFile; fileRef = 32ACEDB1297D347E00622948 /* SwipeDetailsView.swift */; };
		32ACEDB4297D36AB00622948 /* likedPeople.swift in Sources */ = {isa = PBXBuildFile; fileRef = 32ACEDB3297D36AB00622948 /* likedPeople.swift */; };
		32ACEDB6297D375A00622948 /* Details.swift in Sources */ = {isa = PBXBuildFile; fileRef = 32ACEDB5297D375A00622948 /* Details.swift */; };
		32B5A438299F1EBA0076788C /* LogSignView.swift in Sources */ = {isa = PBXBuildFile; fileRef = 32B5A437299F1EBA0076788C /* LogSignView.swift */; };
		32B5A43C29AFBBBA0076788C /* ManageProfileView.swift in Sources */ = {isa = PBXBuildFile; fileRef = 32B5A43B29AFBBBA0076788C /* ManageProfileView.swift */; };
/* End PBXBuildFile section */

/* Begin PBXFileReference section */
		32ACED58297C8D5200622948 /* Sniffer.app */ = {isa = PBXFileReference; explicitFileType = wrapper.application; includeInIndex = 0; path = Sniffer.app; sourceTree = BUILT_PRODUCTS_DIR; };
		32ACED5B297C8D5200622948 /* SnifferApp.swift */ = {isa = PBXFileReference; lastKnownFileType = sourcecode.swift; path = SnifferApp.swift; sourceTree = "<group>"; };
		32ACED5D297C8D5200622948 /* ContentView.swift */ = {isa = PBXFileReference; lastKnownFileType = sourcecode.swift; path = ContentView.swift; sourceTree = "<group>"; };
		32ACED5F297C8D5600622948 /* Assets.xcassets */ = {isa = PBXFileReference; lastKnownFileType = folder.assetcatalog; path = Assets.xcassets; sourceTree = "<group>"; };
		32ACED62297C8D5600622948 /* Preview Assets.xcassets */ = {isa = PBXFileReference; lastKnownFileType = folder.assetcatalog; path = "Preview Assets.xcassets"; sourceTree = "<group>"; };
		32ACED6B297CE9B600622948 /* GoogleService-Info.plist */ = {isa = PBXFileReference; fileEncoding = 4; lastKnownFileType = text.plist.xml; name = "GoogleService-Info.plist"; path = "../../../Downloads/GoogleService-Info.plist"; sourceTree = "<group>"; };
		32ACEDA4297CFFF000622948 /* TopView.swift */ = {isa = PBXFileReference; lastKnownFileType = sourcecode.swift; path = TopView.swift; sourceTree = "<group>"; };
		32ACEDA6297D019100622948 /* MainView.swift */ = {isa = PBXFileReference; lastKnownFileType = sourcecode.swift; path = MainView.swift; sourceTree = "<group>"; };
		32ACEDA8297D072100622948 /* data.swift */ = {isa = PBXFileReference; lastKnownFileType = sourcecode.swift; path = data.swift; sourceTree = "<group>"; };
		32ACEDAA297D07BC00622948 /* FirebaseObserver.swift */ = {isa = PBXFileReference; lastKnownFileType = sourcecode.swift; path = FirebaseObserver.swift; sourceTree = "<group>"; };
		32ACEDAF297D344200622948 /* Loader.swift */ = {isa = PBXFileReference; lastKnownFileType = sourcecode.swift; path = Loader.swift; sourceTree = "<group>"; };
		32ACEDB1297D347E00622948 /* SwipeDetailsView.swift */ = {isa = PBXFileReference; lastKnownFileType = sourcecode.swift; path = SwipeDetailsView.swift; sourceTree = "<group>"; };
		32ACEDB3297D36AB00622948 /* likedPeople.swift */ = {isa = PBXFileReference; lastKnownFileType = sourcecode.swift; path = likedPeople.swift; sourceTree = "<group>"; };
		32ACEDB5297D375A00622948 /* Details.swift */ = {isa = PBXFileReference; lastKnownFileType = sourcecode.swift; path = Details.swift; sourceTree = "<group>"; };
		32B5A437299F1EBA0076788C /* LogSignView.swift */ = {isa = PBXFileReference; lastKnownFileType = sourcecode.swift; path = LogSignView.swift; sourceTree = "<group>"; };
		32B5A43B29AFBBBA0076788C /* ManageProfileView.swift */ = {isa = PBXFileReference; lastKnownFileType = sourcecode.swift; path = ManageProfileView.swift; sourceTree = "<group>"; };
/* End PBXFileReference section */

/* Begin PBXFrameworksBuildPhase section */
		32ACED55297C8D5200622948 /* Frameworks */ = {
			isa = PBXFrameworksBuildPhase;
			buildActionMask = 2147483647;
			files = (
				32ACEDAE297D12CA00622948 /* SDWebImageSwiftUI in Frameworks */,
				32ACED81297CECAC00622948 /* FirebaseDatabase in Frameworks */,
				32ACED8F297CECAC00622948 /* FirebaseFunctionsCombine-Community in Frameworks */,
				32ACED87297CECAC00622948 /* FirebaseFirestore in Frameworks */,
				32ACED73297CECAC00622948 /* FirebaseAnalyticsSwift in Frameworks */,
				32ACED6F297CECAC00622948 /* FirebaseAnalytics in Frameworks */,
				32ACED71297CECAC00622948 /* FirebaseAnalyticsOnDeviceConversion in Frameworks */,
				32ACED97297CECAC00622948 /* FirebaseMLModelDownloader in Frameworks */,
				32ACED8B297CECAC00622948 /* FirebaseFirestoreSwift in Frameworks */,
				32ACED77297CECAC00622948 /* FirebaseAppCheck in Frameworks */,
				32ACED75297CECAC00622948 /* FirebaseAnalyticsWithoutAdIdSupport in Frameworks */,
				32ACED7B297CECAC00622948 /* FirebaseAuth in Frameworks */,
				32ACED7F297CECAC00622948 /* FirebaseCrashlytics in Frameworks */,
				32ACED9F297CECAD00622948 /* FirebaseRemoteConfigSwift in Frameworks */,
				32ACED91297CECAC00622948 /* FirebaseInAppMessaging-Beta in Frameworks */,
				32ACED83297CECAC00622948 /* FirebaseDatabaseSwift in Frameworks */,
				32ACED8D297CECAC00622948 /* FirebaseFunctions in Frameworks */,
				32ACEDA3297CECAD00622948 /* FirebaseStorageCombine-Community in Frameworks */,
				32ACED9D297CECAD00622948 /* FirebaseRemoteConfig in Frameworks */,
				32ACED79297CECAC00622948 /* FirebaseAppDistribution-Beta in Frameworks */,
				32ACED7D297CECAC00622948 /* FirebaseAuthCombine-Community in Frameworks */,
				32ACED9B297CECAC00622948 /* FirebasePerformance in Frameworks */,
				32ACED93297CECAC00622948 /* FirebaseInAppMessagingSwift-Beta in Frameworks */,
				32ACEDA1297CECAD00622948 /* FirebaseStorage in Frameworks */,
				32ACED85297CECAC00622948 /* FirebaseDynamicLinks in Frameworks */,
				32ACED89297CECAC00622948 /* FirebaseFirestoreCombine-Community in Frameworks */,
				32ACED99297CECAC00622948 /* FirebaseMessaging in Frameworks */,
				32ACED95297CECAC00622948 /* FirebaseInstallations in Frameworks */,
			);
			runOnlyForDeploymentPostprocessing = 0;
		};
/* End PBXFrameworksBuildPhase section */

/* Begin PBXGroup section */
		32ACED4F297C8D5200622948 = {
			isa = PBXGroup;
			children = (
				32ACED5A297C8D5200622948 /* Sniffer */,
				32ACED59297C8D5200622948 /* Products */,
			);
			sourceTree = "<group>";
		};
		32ACED59297C8D5200622948 /* Products */ = {
			isa = PBXGroup;
			children = (
				32ACED58297C8D5200622948 /* Sniffer.app */,
			);
			name = Products;
			sourceTree = "<group>";
		};
		32ACED5A297C8D5200622948 /* Sniffer */ = {
			isa = PBXGroup;
			children = (
				32ACEDB5297D375A00622948 /* Details.swift */,
				32ACED5B297C8D5200622948 /* SnifferApp.swift */,
				32ACEDA8297D072100622948 /* data.swift */,
				32ACEDAA297D07BC00622948 /* FirebaseObserver.swift */,
				32ACEDAF297D344200622948 /* Loader.swift */,
				32ACED6B297CE9B600622948 /* GoogleService-Info.plist */,
				32ACED5F297C8D5600622948 /* Assets.xcassets */,
				32ACED61297C8D5600622948 /* Preview Content */,
				32ACED5D297C8D5200622948 /* ContentView.swift */,
				32B5A43B29AFBBBA0076788C /* ManageProfileView.swift */,
				32ACEDA4297CFFF000622948 /* TopView.swift */,
				32ACEDA6297D019100622948 /* MainView.swift */,
				32ACEDB1297D347E00622948 /* SwipeDetailsView.swift */,
				32ACEDB3297D36AB00622948 /* likedPeople.swift */,
				32B5A437299F1EBA0076788C /* LogSignView.swift */,
			);
			path = Sniffer;
			sourceTree = "<group>";
		};
		32ACED61297C8D5600622948 /* Preview Content */ = {
			isa = PBXGroup;
			children = (
				32ACED62297C8D5600622948 /* Preview Assets.xcassets */,
			);
			path = "Preview Content";
			sourceTree = "<group>";
		};
/* End PBXGroup section */

/* Begin PBXNativeTarget section */
		32ACED57297C8D5200622948 /* Sniffer */ = {
			isa = PBXNativeTarget;
			buildConfigurationList = 32ACED66297C8D5600622948 /* Build configuration list for PBXNativeTarget "Sniffer" */;
			buildPhases = (
				32ACED54297C8D5200622948 /* Sources */,
				32ACED55297C8D5200622948 /* Frameworks */,
				32ACED56297C8D5200622948 /* Resources */,
			);
			buildRules = (
			);
			dependencies = (
			);
			name = Sniffer;
			packageProductDependencies = (
				32ACED6E297CECAC00622948 /* FirebaseAnalytics */,
				32ACED70297CECAC00622948 /* FirebaseAnalyticsOnDeviceConversion */,
				32ACED72297CECAC00622948 /* FirebaseAnalyticsSwift */,
				32ACED74297CECAC00622948 /* FirebaseAnalyticsWithoutAdIdSupport */,
				32ACED76297CECAC00622948 /* FirebaseAppCheck */,
				32ACED78297CECAC00622948 /* FirebaseAppDistribution-Beta */,
				32ACED7A297CECAC00622948 /* FirebaseAuth */,
				32ACED7C297CECAC00622948 /* FirebaseAuthCombine-Community */,
				32ACED7E297CECAC00622948 /* FirebaseCrashlytics */,
				32ACED80297CECAC00622948 /* FirebaseDatabase */,
				32ACED82297CECAC00622948 /* FirebaseDatabaseSwift */,
				32ACED84297CECAC00622948 /* FirebaseDynamicLinks */,
				32ACED86297CECAC00622948 /* FirebaseFirestore */,
				32ACED88297CECAC00622948 /* FirebaseFirestoreCombine-Community */,
				32ACED8A297CECAC00622948 /* FirebaseFirestoreSwift */,
				32ACED8C297CECAC00622948 /* FirebaseFunctions */,
				32ACED8E297CECAC00622948 /* FirebaseFunctionsCombine-Community */,
				32ACED90297CECAC00622948 /* FirebaseInAppMessaging-Beta */,
				32ACED92297CECAC00622948 /* FirebaseInAppMessagingSwift-Beta */,
				32ACED94297CECAC00622948 /* FirebaseInstallations */,
				32ACED96297CECAC00622948 /* FirebaseMLModelDownloader */,
				32ACED98297CECAC00622948 /* FirebaseMessaging */,
				32ACED9A297CECAC00622948 /* FirebasePerformance */,
				32ACED9C297CECAD00622948 /* FirebaseRemoteConfig */,
				32ACED9E297CECAD00622948 /* FirebaseRemoteConfigSwift */,
				32ACEDA0297CECAD00622948 /* FirebaseStorage */,
				32ACEDA2297CECAD00622948 /* FirebaseStorageCombine-Community */,
				32ACEDAD297D12CA00622948 /* SDWebImageSwiftUI */,
			);
			productName = Sniffer;
			productReference = 32ACED58297C8D5200622948 /* Sniffer.app */;
			productType = "com.apple.product-type.application";
		};
/* End PBXNativeTarget section */

/* Begin PBXProject section */
		32ACED50297C8D5200622948 /* Project object */ = {
			isa = PBXProject;
			attributes = {
				BuildIndependentTargetsInParallel = 1;
				LastSwiftUpdateCheck = 1340;
				LastUpgradeCheck = 1340;
				TargetAttributes = {
					32ACED57297C8D5200622948 = {
						CreatedOnToolsVersion = 13.4.1;
					};
				};
			};
			buildConfigurationList = 32ACED53297C8D5200622948 /* Build configuration list for PBXProject "Sniffer" */;
			compatibilityVersion = "Xcode 13.0";
			developmentRegion = en;
			hasScannedForEncodings = 0;
			knownRegions = (
				en,
				Base,
			);
			mainGroup = 32ACED4F297C8D5200622948;
			packageReferences = (
				32ACED6D297CECAC00622948 /* XCRemoteSwiftPackageReference "firebase-ios-sdk" */,
				32ACEDAC297D12CA00622948 /* XCRemoteSwiftPackageReference "SDWebImageSwiftUI" */,
			);
			productRefGroup = 32ACED59297C8D5200622948 /* Products */;
			projectDirPath = "";
			projectRoot = "";
			targets = (
				32ACED57297C8D5200622948 /* Sniffer */,
			);
		};
/* End PBXProject section */

/* Begin PBXResourcesBuildPhase section */
		32ACED56297C8D5200622948 /* Resources */ = {
			isa = PBXResourcesBuildPhase;
			buildActionMask = 2147483647;
			files = (
				32ACED63297C8D5600622948 /* Preview Assets.xcassets in Resources */,
				32ACED6C297CE9B600622948 /* GoogleService-Info.plist in Resources */,
				32ACED60297C8D5600622948 /* Assets.xcassets in Resources */,
			);
			runOnlyForDeploymentPostprocessing = 0;
		};
/* End PBXResourcesBuildPhase section */

/* Begin PBXSourcesBuildPhase section */
		32ACED54297C8D5200622948 /* Sources */ = {
			isa = PBXSourcesBuildPhase;
			buildActionMask = 2147483647;
			files = (
				32ACED5E297C8D5200622948 /* ContentView.swift in Sources */,
				32ACEDA7297D019100622948 /* MainView.swift in Sources */,
				32ACEDB4297D36AB00622948 /* likedPeople.swift in Sources */,
				32ACEDB2297D347E00622948 /* SwipeDetailsView.swift in Sources */,
				32ACEDA5297CFFF000622948 /* TopView.swift in Sources */,
				32ACEDA9297D072100622948 /* data.swift in Sources */,
				32ACEDB6297D375A00622948 /* Details.swift in Sources */,
				32ACED5C297C8D5200622948 /* SnifferApp.swift in Sources */,
				32ACEDB0297D344200622948 /* Loader.swift in Sources */,
				32ACEDAB297D07BC00622948 /* FirebaseObserver.swift in Sources */,
				32B5A438299F1EBA0076788C /* LogSignView.swift in Sources */,
				32B5A43C29AFBBBA0076788C /* ManageProfileView.swift in Sources */,
			);
			runOnlyForDeploymentPostprocessing = 0;
		};
/* End PBXSourcesBuildPhase section */

/* Begin XCBuildConfiguration section */
		32ACED64297C8D5600622948 /* Debug */ = {
			isa = XCBuildConfiguration;
			buildSettings = {
				ALWAYS_SEARCH_USER_PATHS = NO;
				CLANG_ANALYZER_NONNULL = YES;
				CLANG_ANALYZER_NUMBER_OBJECT_CONVERSION = YES_AGGRESSIVE;
				CLANG_CXX_LANGUAGE_STANDARD = "gnu++17";
				CLANG_ENABLE_MODULES = YES;
				CLANG_ENABLE_OBJC_ARC = YES;
				CLANG_ENABLE_OBJC_WEAK = YES;
				CLANG_WARN_BLOCK_CAPTURE_AUTORELEASING = YES;
				CLANG_WARN_BOOL_CONVERSION = YES;
				CLANG_WARN_COMMA = YES;
				CLANG_WARN_CONSTANT_CONVERSION = YES;
				CLANG_WARN_DEPRECATED_OBJC_IMPLEMENTATIONS = YES;
				CLANG_WARN_DIRECT_OBJC_ISA_USAGE = YES_ERROR;
				CLANG_WARN_DOCUMENTATION_COMMENTS = YES;
				CLANG_WARN_EMPTY_BODY = YES;
				CLANG_WARN_ENUM_CONVERSION = YES;
				CLANG_WARN_INFINITE_RECURSION = YES;
				CLANG_WARN_INT_CONVERSION = YES;
				CLANG_WARN_NON_LITERAL_NULL_CONVERSION = YES;
				CLANG_WARN_OBJC_IMPLICIT_RETAIN_SELF = YES;
				CLANG_WARN_OBJC_LITERAL_CONVERSION = YES;
				CLANG_WARN_OBJC_ROOT_CLASS = YES_ERROR;
				CLANG_WARN_QUOTED_INCLUDE_IN_FRAMEWORK_HEADER = YES;
				CLANG_WARN_RANGE_LOOP_ANALYSIS = YES;
				CLANG_WARN_STRICT_PROTOTYPES = YES;
				CLANG_WARN_SUSPICIOUS_MOVE = YES;
				CLANG_WARN_UNGUARDED_AVAILABILITY = YES_AGGRESSIVE;
				CLANG_WARN_UNREACHABLE_CODE = YES;
				CLANG_WARN__DUPLICATE_METHOD_MATCH = YES;
				COPY_PHASE_STRIP = NO;
				DEBUG_INFORMATION_FORMAT = dwarf;
				ENABLE_STRICT_OBJC_MSGSEND = YES;
				ENABLE_TESTABILITY = YES;
				GCC_C_LANGUAGE_STANDARD = gnu11;
				GCC_DYNAMIC_NO_PIC = NO;
				GCC_NO_COMMON_BLOCKS = YES;
				GCC_OPTIMIZATION_LEVEL = 0;
				GCC_PREPROCESSOR_DEFINITIONS = (
					"DEBUG=1",
					"$(inherited)",
				);
				GCC_WARN_64_TO_32_BIT_CONVERSION = YES;
				GCC_WARN_ABOUT_RETURN_TYPE = YES_ERROR;
				GCC_WARN_UNDECLARED_SELECTOR = YES;
				GCC_WARN_UNINITIALIZED_AUTOS = YES_AGGRESSIVE;
				GCC_WARN_UNUSED_FUNCTION = YES;
				GCC_WARN_UNUSED_VARIABLE = YES;
				IPHONEOS_DEPLOYMENT_TARGET = 15.5;
				MTL_ENABLE_DEBUG_INFO = INCLUDE_SOURCE;
				MTL_FAST_MATH = YES;
				ONLY_ACTIVE_ARCH = YES;
				SDKROOT = iphoneos;
				SWIFT_ACTIVE_COMPILATION_CONDITIONS = DEBUG;
				SWIFT_OPTIMIZATION_LEVEL = "-Onone";
			};
			name = Debug;
		};
		32ACED65297C8D5600622948 /* Release */ = {
			isa = XCBuildConfiguration;
			buildSettings = {
				ALWAYS_SEARCH_USER_PATHS = NO;
				CLANG_ANALYZER_NONNULL = YES;
				CLANG_ANALYZER_NUMBER_OBJECT_CONVERSION = YES_AGGRESSIVE;
				CLANG_CXX_LANGUAGE_STANDARD = "gnu++17";
				CLANG_ENABLE_MODULES = YES;
				CLANG_ENABLE_OBJC_ARC = YES;
				CLANG_ENABLE_OBJC_WEAK = YES;
				CLANG_WARN_BLOCK_CAPTURE_AUTORELEASING = YES;
				CLANG_WARN_BOOL_CONVERSION = YES;
				CLANG_WARN_COMMA = YES;
				CLANG_WARN_CONSTANT_CONVERSION = YES;
				CLANG_WARN_DEPRECATED_OBJC_IMPLEMENTATIONS = YES;
				CLANG_WARN_DIRECT_OBJC_ISA_USAGE = YES_ERROR;
				CLANG_WARN_DOCUMENTATION_COMMENTS = YES;
				CLANG_WARN_EMPTY_BODY = YES;
				CLANG_WARN_ENUM_CONVERSION = YES;
				CLANG_WARN_INFINITE_RECURSION = YES;
				CLANG_WARN_INT_CONVERSION = YES;
				CLANG_WARN_NON_LITERAL_NULL_CONVERSION = YES;
				CLANG_WARN_OBJC_IMPLICIT_RETAIN_SELF = YES;
				CLANG_WARN_OBJC_LITERAL_CONVERSION = YES;
				CLANG_WARN_OBJC_ROOT_CLASS = YES_ERROR;
				CLANG_WARN_QUOTED_INCLUDE_IN_FRAMEWORK_HEADER = YES;
				CLANG_WARN_RANGE_LOOP_ANALYSIS = YES;
				CLANG_WARN_STRICT_PROTOTYPES = YES;
				CLANG_WARN_SUSPICIOUS_MOVE = YES;
				CLANG_WARN_UNGUARDED_AVAILABILITY = YES_AGGRESSIVE;
				CLANG_WARN_UNREACHABLE_CODE = YES;
				CLANG_WARN__DUPLICATE_METHOD_MATCH = YES;
				COPY_PHASE_STRIP = NO;
				DEBUG_INFORMATION_FORMAT = "dwarf-with-dsym";
				ENABLE_NS_ASSERTIONS = NO;
				ENABLE_STRICT_OBJC_MSGSEND = YES;
				GCC_C_LANGUAGE_STANDARD = gnu11;
				GCC_NO_COMMON_BLOCKS = YES;
				GCC_WARN_64_TO_32_BIT_CONVERSION = YES;
				GCC_WARN_ABOUT_RETURN_TYPE = YES_ERROR;
				GCC_WARN_UNDECLARED_SELECTOR = YES;
				GCC_WARN_UNINITIALIZED_AUTOS = YES_AGGRESSIVE;
				GCC_WARN_UNUSED_FUNCTION = YES;
				GCC_WARN_UNUSED_VARIABLE = YES;
				IPHONEOS_DEPLOYMENT_TARGET = 15.5;
				MTL_ENABLE_DEBUG_INFO = NO;
				MTL_FAST_MATH = YES;
				SDKROOT = iphoneos;
				SWIFT_COMPILATION_MODE = wholemodule;
				SWIFT_OPTIMIZATION_LEVEL = "-O";
				VALIDATE_PRODUCT = YES;
			};
			name = Release;
		};
		32ACED67297C8D5600622948 /* Debug */ = {
			isa = XCBuildConfiguration;
			buildSettings = {
				ASSETCATALOG_COMPILER_APPICON_NAME = AppIcon;
				ASSETCATALOG_COMPILER_GLOBAL_ACCENT_COLOR_NAME = AccentColor;
				CODE_SIGN_STYLE = Automatic;
				CURRENT_PROJECT_VERSION = 1;
				DEVELOPMENT_ASSET_PATHS = "\"Sniffer/Preview Content\"";
				ENABLE_PREVIEWS = YES;
				GENERATE_INFOPLIST_FILE = YES;
				INFOPLIST_KEY_UIApplicationSceneManifest_Generation = YES;
				INFOPLIST_KEY_UIApplicationSupportsIndirectInputEvents = YES;
				INFOPLIST_KEY_UILaunchScreen_Generation = YES;
				INFOPLIST_KEY_UISupportedInterfaceOrientations_iPad = "UIInterfaceOrientationPortrait UIInterfaceOrientationPortraitUpsideDown UIInterfaceOrientationLandscapeLeft UIInterfaceOrientationLandscapeRight";
				INFOPLIST_KEY_UISupportedInterfaceOrientations_iPhone = "UIInterfaceOrientationPortrait UIInterfaceOrientationLandscapeLeft UIInterfaceOrientationLandscapeRight";
				LD_RUNPATH_SEARCH_PATHS = (
					"$(inherited)",
					"@executable_path/Frameworks",
				);
				MARKETING_VERSION = 1.0;
				PRODUCT_BUNDLE_IDENTIFIER = com.plamentsokov.Sniffer;
				PRODUCT_NAME = "$(TARGET_NAME)";
				SWIFT_EMIT_LOC_STRINGS = YES;
				SWIFT_VERSION = 5.0;
				TARGETED_DEVICE_FAMILY = "1,2";
			};
			name = Debug;
		};
		32ACED68297C8D5600622948 /* Release */ = {
			isa = XCBuildConfiguration;
			buildSettings = {
				ASSETCATALOG_COMPILER_APPICON_NAME = AppIcon;
				ASSETCATALOG_COMPILER_GLOBAL_ACCENT_COLOR_NAME = AccentColor;
				CODE_SIGN_STYLE = Automatic;
				CURRENT_PROJECT_VERSION = 1;
				DEVELOPMENT_ASSET_PATHS = "\"Sniffer/Preview Content\"";
				ENABLE_PREVIEWS = YES;
				GENERATE_INFOPLIST_FILE = YES;
				INFOPLIST_KEY_UIApplicationSceneManifest_Generation = YES;
				INFOPLIST_KEY_UIApplicationSupportsIndirectInputEvents = YES;
				INFOPLIST_KEY_UILaunchScreen_Generation = YES;
				INFOPLIST_KEY_UISupportedInterfaceOrientations_iPad = "UIInterfaceOrientationPortrait UIInterfaceOrientationPortraitUpsideDown UIInterfaceOrientationLandscapeLeft UIInterfaceOrientationLandscapeRight";
				INFOPLIST_KEY_UISupportedInterfaceOrientations_iPhone = "UIInterfaceOrientationPortrait UIInterfaceOrientationLandscapeLeft UIInterfaceOrientationLandscapeRight";
				LD_RUNPATH_SEARCH_PATHS = (
					"$(inherited)",
					"@executable_path/Frameworks",
				);
				MARKETING_VERSION = 1.0;
				PRODUCT_BUNDLE_IDENTIFIER = com.plamentsokov.Sniffer;
				PRODUCT_NAME = "$(TARGET_NAME)";
				SWIFT_EMIT_LOC_STRINGS = YES;
				SWIFT_VERSION = 5.0;
				TARGETED_DEVICE_FAMILY = "1,2";
			};
			name = Release;
		};
/* End XCBuildConfiguration section */

/* Begin XCConfigurationList section */
		32ACED53297C8D5200622948 /* Build configuration list for PBXProject "Sniffer" */ = {
			isa = XCConfigurationList;
			buildConfigurations = (
				32ACED64297C8D5600622948 /* Debug */,
				32ACED65297C8D5600622948 /* Release */,
			);
			defaultConfigurationIsVisible = 0;
			defaultConfigurationName = Release;
		};
		32ACED66297C8D5600622948 /* Build configuration list for PBXNativeTarget "Sniffer" */ = {
			isa = XCConfigurationList;
			buildConfigurations = (
				32ACED67297C8D5600622948 /* Debug */,
				32ACED68297C8D5600622948 /* Release */,
			);
			defaultConfigurationIsVisible = 0;
			defaultConfigurationName = Release;
		};
/* End XCConfigurationList section */

/* Begin XCRemoteSwiftPackageReference section */
		32ACED6D297CECAC00622948 /* XCRemoteSwiftPackageReference "firebase-ios-sdk" */ = {
			isa = XCRemoteSwiftPackageReference;
			repositoryURL = "https://github.com/firebase/firebase-ios-sdk";
			requirement = {
				kind = upToNextMajorVersion;
				minimumVersion = 9.0.0;
			};
		};
		32ACEDAC297D12CA00622948 /* XCRemoteSwiftPackageReference "SDWebImageSwiftUI" */ = {
			isa = XCRemoteSwiftPackageReference;
			repositoryURL = "https://github.com/SDWebImage/SDWebImageSwiftUI";
			requirement = {
				kind = upToNextMajorVersion;
				minimumVersion = 2.0.0;
			};
		};
/* End XCRemoteSwiftPackageReference section */

/* Begin XCSwiftPackageProductDependency section */
		32ACED6E297CECAC00622948 /* FirebaseAnalytics */ = {
			isa = XCSwiftPackageProductDependency;
			package = 32ACED6D297CECAC00622948 /* XCRemoteSwiftPackageReference "firebase-ios-sdk" */;
			productName = FirebaseAnalytics;
		};
		32ACED70297CECAC00622948 /* FirebaseAnalyticsOnDeviceConversion */ = {
			isa = XCSwiftPackageProductDependency;
			package = 32ACED6D297CECAC00622948 /* XCRemoteSwiftPackageReference "firebase-ios-sdk" */;
			productName = FirebaseAnalyticsOnDeviceConversion;
		};
		32ACED72297CECAC00622948 /* FirebaseAnalyticsSwift */ = {
			isa = XCSwiftPackageProductDependency;
			package = 32ACED6D297CECAC00622948 /* XCRemoteSwiftPackageReference "firebase-ios-sdk" */;
			productName = FirebaseAnalyticsSwift;
		};
		32ACED74297CECAC00622948 /* FirebaseAnalyticsWithoutAdIdSupport */ = {
			isa = XCSwiftPackageProductDependency;
			package = 32ACED6D297CECAC00622948 /* XCRemoteSwiftPackageReference "firebase-ios-sdk" */;
			productName = FirebaseAnalyticsWithoutAdIdSupport;
		};
		32ACED76297CECAC00622948 /* FirebaseAppCheck */ = {
			isa = XCSwiftPackageProductDependency;
			package = 32ACED6D297CECAC00622948 /* XCRemoteSwiftPackageReference "firebase-ios-sdk" */;
			productName = FirebaseAppCheck;
		};
		32ACED78297CECAC00622948 /* FirebaseAppDistribution-Beta */ = {
			isa = XCSwiftPackageProductDependency;
			package = 32ACED6D297CECAC00622948 /* XCRemoteSwiftPackageReference "firebase-ios-sdk" */;
			productName = "FirebaseAppDistribution-Beta";
		};
		32ACED7A297CECAC00622948 /* FirebaseAuth */ = {
			isa = XCSwiftPackageProductDependency;
			package = 32ACED6D297CECAC00622948 /* XCRemoteSwiftPackageReference "firebase-ios-sdk" */;
			productName = FirebaseAuth;
		};
		32ACED7C297CECAC00622948 /* FirebaseAuthCombine-Community */ = {
			isa = XCSwiftPackageProductDependency;
			package = 32ACED6D297CECAC00622948 /* XCRemoteSwiftPackageReference "firebase-ios-sdk" */;
			productName = "FirebaseAuthCombine-Community";
		};
		32ACED7E297CECAC00622948 /* FirebaseCrashlytics */ = {
			isa = XCSwiftPackageProductDependency;
			package = 32ACED6D297CECAC00622948 /* XCRemoteSwiftPackageReference "firebase-ios-sdk" */;
			productName = FirebaseCrashlytics;
		};
		32ACED80297CECAC00622948 /* FirebaseDatabase */ = {
			isa = XCSwiftPackageProductDependency;
			package = 32ACED6D297CECAC00622948 /* XCRemoteSwiftPackageReference "firebase-ios-sdk" */;
			productName = FirebaseDatabase;
		};
		32ACED82297CECAC00622948 /* FirebaseDatabaseSwift */ = {
			isa = XCSwiftPackageProductDependency;
			package = 32ACED6D297CECAC00622948 /* XCRemoteSwiftPackageReference "firebase-ios-sdk" */;
			productName = FirebaseDatabaseSwift;
		};
		32ACED84297CECAC00622948 /* FirebaseDynamicLinks */ = {
			isa = XCSwiftPackageProductDependency;
			package = 32ACED6D297CECAC00622948 /* XCRemoteSwiftPackageReference "firebase-ios-sdk" */;
			productName = FirebaseDynamicLinks;
		};
		32ACED86297CECAC00622948 /* FirebaseFirestore */ = {
			isa = XCSwiftPackageProductDependency;
			package = 32ACED6D297CECAC00622948 /* XCRemoteSwiftPackageReference "firebase-ios-sdk" */;
			productName = FirebaseFirestore;
		};
		32ACED88297CECAC00622948 /* FirebaseFirestoreCombine-Community */ = {
			isa = XCSwiftPackageProductDependency;
			package = 32ACED6D297CECAC00622948 /* XCRemoteSwiftPackageReference "firebase-ios-sdk" */;
			productName = "FirebaseFirestoreCombine-Community";
		};
		32ACED8A297CECAC00622948 /* FirebaseFirestoreSwift */ = {
			isa = XCSwiftPackageProductDependency;
			package = 32ACED6D297CECAC00622948 /* XCRemoteSwiftPackageReference "firebase-ios-sdk" */;
			productName = FirebaseFirestoreSwift;
		};
		32ACED8C297CECAC00622948 /* FirebaseFunctions */ = {
			isa = XCSwiftPackageProductDependency;
			package = 32ACED6D297CECAC00622948 /* XCRemoteSwiftPackageReference "firebase-ios-sdk" */;
			productName = FirebaseFunctions;
		};
		32ACED8E297CECAC00622948 /* FirebaseFunctionsCombine-Community */ = {
			isa = XCSwiftPackageProductDependency;
			package = 32ACED6D297CECAC00622948 /* XCRemoteSwiftPackageReference "firebase-ios-sdk" */;
			productName = "FirebaseFunctionsCombine-Community";
		};
		32ACED90297CECAC00622948 /* FirebaseInAppMessaging-Beta */ = {
			isa = XCSwiftPackageProductDependency;
			package = 32ACED6D297CECAC00622948 /* XCRemoteSwiftPackageReference "firebase-ios-sdk" */;
			productName = "FirebaseInAppMessaging-Beta";
		};
		32ACED92297CECAC00622948 /* FirebaseInAppMessagingSwift-Beta */ = {
			isa = XCSwiftPackageProductDependency;
			package = 32ACED6D297CECAC00622948 /* XCRemoteSwiftPackageReference "firebase-ios-sdk" */;
			productName = "FirebaseInAppMessagingSwift-Beta";
		};
		32ACED94297CECAC00622948 /* FirebaseInstallations */ = {
			isa = XCSwiftPackageProductDependency;
			package = 32ACED6D297CECAC00622948 /* XCRemoteSwiftPackageReference "firebase-ios-sdk" */;
			productName = FirebaseInstallations;
		};
		32ACED96297CECAC00622948 /* FirebaseMLModelDownloader */ = {
			isa = XCSwiftPackageProductDependency;
			package = 32ACED6D297CECAC00622948 /* XCRemoteSwiftPackageReference "firebase-ios-sdk" */;
			productName = FirebaseMLModelDownloader;
		};
		32ACED98297CECAC00622948 /* FirebaseMessaging */ = {
			isa = XCSwiftPackageProductDependency;
			package = 32ACED6D297CECAC00622948 /* XCRemoteSwiftPackageReference "firebase-ios-sdk" */;
			productName = FirebaseMessaging;
		};
		32ACED9A297CECAC00622948 /* FirebasePerformance */ = {
			isa = XCSwiftPackageProductDependency;
			package = 32ACED6D297CECAC00622948 /* XCRemoteSwiftPackageReference "firebase-ios-sdk" */;
			productName = FirebasePerformance;
		};
		32ACED9C297CECAD00622948 /* FirebaseRemoteConfig */ = {
			isa = XCSwiftPackageProductDependency;
			package = 32ACED6D297CECAC00622948 /* XCRemoteSwiftPackageReference "firebase-ios-sdk" */;
			productName = FirebaseRemoteConfig;
		};
		32ACED9E297CECAD00622948 /* FirebaseRemoteConfigSwift */ = {
			isa = XCSwiftPackageProductDependency;
			package = 32ACED6D297CECAC00622948 /* XCRemoteSwiftPackageReference "firebase-ios-sdk" */;
			productName = FirebaseRemoteConfigSwift;
		};
		32ACEDA0297CECAD00622948 /* FirebaseStorage */ = {
			isa = XCSwiftPackageProductDependency;
			package = 32ACED6D297CECAC00622948 /* XCRemoteSwiftPackageReference "firebase-ios-sdk" */;
			productName = FirebaseStorage;
		};
		32ACEDA2297CECAD00622948 /* FirebaseStorageCombine-Community */ = {
			isa = XCSwiftPackageProductDependency;
			package = 32ACED6D297CECAC00622948 /* XCRemoteSwiftPackageReference "firebase-ios-sdk" */;
			productName = "FirebaseStorageCombine-Community";
		};
		32ACEDAD297D12CA00622948 /* SDWebImageSwiftUI */ = {
			isa = XCSwiftPackageProductDependency;
			package = 32ACEDAC297D12CA00622948 /* XCRemoteSwiftPackageReference "SDWebImageSwiftUI" */;
			productName = SDWebImageSwiftUI;
		};
/* End XCSwiftPackageProductDependency section */
	};
	rootObject = 32ACED50297C8D5200622948 /* Project object */;
}
